<?xml version="1.0" encoding="UTF-8" standalone="yes" ?>
<CodeBlocks_project_file>
	<FileVersion major="1" minor="6" />
	<Project>
		<Option title="Cricket" />
		<Option pch_mode="2" />
		<Option compiler="gcc" />
		<Build>
			<Target title="Debug">
				<Option output="bin/Debug/Cricket" prefix_auto="1" extension_auto="1" />
				<Option working_dir="E:/Downloads/Compressed/glut-3.7.6-bin/bin" />
				<Option object_output="obj/Debug/" />
				<Option type="1" />
				<Option compiler="gcc" />
				<Compiler>
					<Add option="-g" />
					<Add directory="include" />
				</Compiler>
			</Target>
			<Target title="Release">
				<Option output="bin/Release/Cricket" prefix_auto="1" extension_auto="1" />
				<Option working_dir="E:/Downloads/Compressed/glut-3.7.6-bin/bin" />
				<Option object_output="obj/Release/" />
				<Option type="0" />
				<Option compiler="gcc" />
				<Compiler>
					<Add option="-O2" />
					<Add directory="include" />
				</Compiler>
				<Linker>
					<Add option="-s" />
				</Linker>
			</Target>
		</Build>
		<Compiler>
			<Add option="-Wall" />
			<Add directory="E:/Downloads/Compressed/glut-3.7.6-bin/include" />
		</Compiler>
		<Linker>
			<Add library="glut32" />
			<Add library="opengl32" />
			<Add library="glu32" />
			<Add library="winmm" />
			<Add library="gdi32" />
			<Add directory="E:/Downloads/Compressed/glut-3.7.6-bin/lib" />
		</Linker>
		<Unit filename="include/BazierCurve.h" />
		<Unit filename="include/BmpLoader.h" />
		<Unit filename="include/Cube.h" />
		<Unit filename="include/DotMatrixDisplay.h" />
		<Unit filename="include/Human.h" />
		<Unit filename="include/Stadium.h" />
		<Unit filename="include/TextureLoader.h" />
		<Unit filename="main.cpp" />
		<Unit filename="src/BazierCurve.cpp" />
		<Unit filename="src/BmpLoader.cpp" />
		<Unit filename="src/Cube.cpp" />
		<Unit filename="src/DotMatrixDisplay.cpp" />
		<Unit filename="src/Human.cpp" />
		<Unit filename="src/Stadium.cpp" />
		<Extensions>
			<code_completion />
			<envvars set="default" />
			<debugger />
		</Extensions>
	</Project>
</CodeBlocks_project_file>
